{
  "requires": true,
  "lockfileVersion": 1,
  "dependencies": {
    "@types/cookie": {
      "version": "0.3.3",
      "resolved": "https://registry.npmjs.org/@types/cookie/-/cookie-0.3.3.tgz",
      "integrity": "sha512-LKVP3cgXBT9RYj+t+9FDKwS5tdI+rPBXaNSkma7hvqy35lc7mAokC2zsqWJH0LaqIt3B962nuYI77hsJoT1gow=="
    },
    "@types/hoist-non-react-statics": {
      "version": "3.3.1",
      "resolved": "https://registry.npmjs.org/@types/hoist-non-react-statics/-/hoist-non-react-statics-3.3.1.tgz",
      "integrity": "sha512-iMIqiko6ooLrTh1joXodJK5X9xeEALT1kM5G3ZLhD3hszxBdIEd5C75U834D9mLcINgD4OyZf5uQXjkuYydWvA==",
      "requires": {
        "@types/react": "*",
        "hoist-non-react-statics": "^3.3.0"
      }
    },
    "@types/object-assign": {
      "version": "4.0.30",
      "resolved": "https://registry.npmjs.org/@types/object-assign/-/object-assign-4.0.30.tgz",
      "integrity": "sha1-iUk3HVqZ9Dge4PHfCpt6GH4H5lI="
    },
    "@types/prop-types": {
      "version": "15.7.3",
      "resolved": "https://registry.npmjs.org/@types/prop-types/-/prop-types-15.7.3.tgz",
      "integrity": "sha512-KfRL3PuHmqQLOG+2tGpRO26Ctg+Cq1E01D2DMriKEATHgWLfeNDmq9e29Q9WIky0dQ3NPkd1mzYH8Lm936Z9qw=="
    },
    "@types/react": {
      "version": "16.9.17",
      "resolved": "https://registry.npmjs.org/@types/react/-/react-16.9.17.tgz",
      "integrity": "sha512-UP27In4fp4sWF5JgyV6pwVPAQM83Fj76JOcg02X5BZcpSu5Wx+fP9RMqc2v0ssBoQIFvD5JdKY41gjJJKmw6Bg==",
      "requires": {
        "@types/prop-types": "*",
        "csstype": "^2.2.0"
      }
    },
    "cookie": {
      "version": "0.3.1",
      "resolved": "https://registry.npmjs.org/cookie/-/cookie-0.3.1.tgz",
      "integrity": "sha1-5+Ch+e9DtMi6klxcWpboBtFoc7s="
    },
    "csstype": {
      "version": "2.6.8",
      "resolved": "https://registry.npmjs.org/csstype/-/csstype-2.6.8.tgz",
      "integrity": "sha512-msVS9qTuMT5zwAGCVm4mxfrZ18BNc6Csd0oJAtiFMZ1FAx1CCvy2+5MDmYoix63LM/6NDbNtodCiGYGmFgO0dA=="
    },
    "hoist-non-react-statics": {
      "version": "3.3.1",
      "resolved": "https://registry.npmjs.org/hoist-non-react-statics/-/hoist-non-react-statics-3.3.1.tgz",
      "integrity": "sha512-wbg3bpgA/ZqWrZuMOeJi8+SKMhr7X9TesL/rXMjTzh0p0JUBo3II8DHboYbuIXWRlttrUFxwcu/5kygrCw8fJw==",
      "requires": {
        "react-is": "^16.7.0"
      }
    },
    "object-assign": {
      "version": "4.1.1",
      "resolved": "https://registry.npmjs.org/object-assign/-/object-assign-4.1.1.tgz",
      "integrity": "sha1-IQmtx5ZYh8/AXLvUQsrIv7s2CGM="
    },
    "papaparse": {
      "version": "5.1.1",
      "resolved": "https://registry.npmjs.org/papaparse/-/papaparse-5.1.1.tgz",
      "integrity": "sha512-KPkW4GNQxunmYTeJIjHFrvilcNuHBWrfgbyvmagEmfGOA4hnP1WIkPbv4yABhj1Nam3as4w+7MBiI27BntwqVg=="
    },
    "react-cookie": {
      "version": "4.0.3",
      "resolved": "https://registry.npmjs.org/react-cookie/-/react-cookie-4.0.3.tgz",
      "integrity": "sha512-cmi6IpdVgTSvjqssqIEvo779Gfqc4uPGHRrKMEdHcqkmGtPmxolGfsyKj95bhdLEKqMdbX8MLBCwezlnhkHK0g==",
      "requires": {
        "@types/hoist-non-react-statics": "^3.0.1",
        "hoist-non-react-statics": "^3.0.0",
        "universal-cookie": "^4.0.0"
      }
    },
    "react-cookies": {
      "version": "0.1.1",
      "resolved": "https://registry.npmjs.org/react-cookies/-/react-cookies-0.1.1.tgz",
      "integrity": "sha512-PP75kJ4vtoHuuTdq0TAD3RmlAv7vuDQh9fkC4oDlhntgs9vX1DmREomO0Y1mcQKR9nMZ6/zxoflaMJ3MAmF5KQ==",
      "requires": {
        "cookie": "^0.3.1",
        "object-assign": "^4.1.1"
      }
    },
    "react-csv-reader": {
      "version": "2.0.2",
      "resolved": "https://registry.npmjs.org/react-csv-reader/-/react-csv-reader-2.0.2.tgz",
      "integrity": "sha512-zBvGyNylBfNbDq3oEzjDwVgoLSzY7gkjRPtefUWS2a4rN4G4rgnkzkpwOktCP7Ma08BFPxXBP2gF93sqwKtYqQ==",
      "requires": {
        "papaparse": "^5.1.0"
      }
    },
    "react-is": {
      "version": "16.12.0",
      "resolved": "https://registry.npmjs.org/react-is/-/react-is-16.12.0.tgz",
      "integrity": "sha512-rPCkf/mWBtKc97aLL9/txD8DZdemK0vkA3JMLShjlJB3Pj3s+lpf1KaBzMfQrAmhMQB0n1cU/SUGgKKBCe837Q=="
    },
    "react-papaparse": {
      "version": "1.0.5",
      "resolved": "https://registry.npmjs.org/react-papaparse/-/react-papaparse-1.0.5.tgz",
      "integrity": "sha512-aqauXjVCc11JkBTlOQEzAL7ZLC54xGO+4ggAbaHQevCX9+2ICFnuTbWbzBWrBJfb+Bx5qCSs66XEcO+BlflTRA==",
      "requires": {
        "papaparse": "^4.6.2"
      },
      "dependencies": {
        "papaparse": {
          "version": "4.6.3",
          "resolved": "https://registry.npmjs.org/papaparse/-/papaparse-4.6.3.tgz",
          "integrity": "sha512-LRq7BrHC2kHPBYSD50aKuw/B/dGcg29omyJbKWY3KsYUZU69RKwaBHu13jGmCYBtOc4odsLCrFyk6imfyNubJQ=="
        }
      }
    },
    "universal-cookie": {
      "version": "4.0.3",
      "resolved": "https://registry.npmjs.org/universal-cookie/-/universal-cookie-4.0.3.tgz",
      "integrity": "sha512-YbEHRs7bYOBTIWedTR9koVEe2mXrq+xdjTJZcoKJK/pQaE6ni28ak2AKXFpevb+X6w3iU5SXzWDiJkmpDRb9qw==",
      "requires": {
        "@types/cookie": "^0.3.3",
        "@types/object-assign": "^4.0.30",
        "cookie": "^0.4.0",
        "object-assign": "^4.1.1"
      },
      "dependencies": {
        "cookie": {
          "version": "0.4.0",
          "resolved": "https://registry.npmjs.org/cookie/-/cookie-0.4.0.tgz",
          "integrity": "sha512-+Hp8fLp57wnUSt0tY0tHEXh4voZRDnoIrZPqlo3DPiI4y9lwg/jqx+1Om94/W6ZaPDOUbnjOt/99w66zk+l1Xg=="
        }
      }
    }
  }
}
